
Microsoft Visual Studio Solution File, Format Version 12.00
# Visual Studio Version 17
VisualStudioVersion = 17.4.33103.184
MinimumVisualStudioVersion = 10.0.40219.1
Project("{9A19103F-16F7-4668-BE54-9A1E7A4F7556}") = "DynsecAdmin", "DynsecAdmin\DynsecAdmin.csproj", "{8C3BE24A-4ECB-4521-AEDF-CC037C49D0D9}"
EndProject
Project("{9A19103F-16F7-4668-BE54-9A1E7A4F7556}") = "Dynsec", "Dynsec\Dynsec.csproj", "{082052FC-6216-48B0-9818-B2997E2A25DB}"
EndProject
Project("{9A19103F-16F7-4668-BE54-9A1E7A4F7556}") = "Dynsec.Test", "Dynsec.Test\Dynsec.Test.csproj", "{BE3D9C7B-7010-4F91-B633-487714FE08D1}"
EndProject
Global
	GlobalSection(SolutionConfigurationPlatforms) = preSolution
		Debug|Any CPU = Debug|Any CPU
		Release|Any CPU = Release|Any CPU
	EndGlobalSection
	GlobalSection(ProjectConfigurationPlatforms) = postSolution
		{8C3BE24A-4ECB-4521-AEDF-CC037C49D0D9}.Debug|Any CPU.ActiveCfg = Debug|Any CPU
		{8C3BE24A-4ECB-4521-AEDF-CC037C49D0D9}.Debug|Any CPU.Build.0 = Debug|Any CPU
		{8C3BE24A-4ECB-4521-AEDF-CC037C49D0D9}.Release|Any CPU.ActiveCfg = Release|Any CPU
		{8C3BE24A-4ECB-4521-AEDF-CC037C49D0D9}.Release|Any CPU.Build.0 = Release|Any CPU
		{082052FC-6216-48B0-9818-B2997E2A25DB}.Debug|Any CPU.ActiveCfg = Debug|Any CPU
		{082052FC-6216-48B0-9818-B2997E2A25DB}.Debug|Any CPU.Build.0 = Debug|Any CPU
		{082052FC-6216-48B0-9818-B2997E2A25DB}.Release|Any CPU.ActiveCfg = Release|Any CPU
		{082052FC-6216-48B0-9818-B2997E2A25DB}.Release|Any CPU.Build.0 = Release|Any CPU
		{BE3D9C7B-7010-4F91-B633-487714FE08D1}.Debug|Any CPU.ActiveCfg = Debug|Any CPU
		{BE3D9C7B-7010-4F91-B633-487714FE08D1}.Debug|Any CPU.Build.0 = Debug|Any CPU
		{BE3D9C7B-7010-4F91-B633-487714FE08D1}.Release|Any CPU.ActiveCfg = Release|Any CPU
		{BE3D9C7B-7010-4F91-B633-487714FE08D1}.Release|Any CPU.Build.0 = Release|Any CPU
	EndGlobalSection
	GlobalSection(SolutionProperties) = preSolution
		HideSolutionNode = FALSE
	EndGlobalSection
	GlobalSection(ExtensibilityGlobals) = postSolution
		SolutionGuid = {65C0EEF9-CA5D-4C07-B67F-A47958243635}
	EndGlobalSection
EndGlobal
